
Microsoft Visual Studio Solution File, Format Version 12.00
# Visual Studio Version 17
VisualStudioVersion = 17.13.35931.197 d17.13
MinimumVisualStudioVersion = 10.0.40219.1
Project("{FAE04EC0-301F-11D3-BF4B-00C04F79EFBC}") = "MSStoreNoAuth", "MSStoreNoAuth\MSStoreNoAuth.csproj", "{9F64092C-0549-4693-95C1-6B417AE26209}"
EndProject
Global
	GlobalSection(SolutionConfigurationPlatforms) = preSolution
		Debug|Any CPU = Debug|Any CPU
		Release|Any CPU = Release|Any CPU
	EndGlobalSection
	GlobalSection(ProjectConfigurationPlatforms) = postSolution
		{9F64092C-0549-4693-95C1-6B417AE26209}.Debug|Any CPU.ActiveCfg = Debug|Any CPU
		{9F64092C-0549-4693-95C1-6B417AE26209}.Debug|Any CPU.Build.0 = Debug|Any CPU
		{9F64092C-0549-4693-95C1-6B417AE26209}.Release|Any CPU.ActiveCfg = Release|Any CPU
		{9F64092C-0549-4693-95C1-6B417AE26209}.Release|Any CPU.Build.0 = Release|Any CPU
	EndGlobalSection
	GlobalSection(SolutionProperties) = preSolution
		HideSolutionNode = FALSE
	EndGlobalSection
	GlobalSection(ExtensibilityGlobals) = postSolution
		SolutionGuid = {ECCFFA69-E77D-45B8-9C30-5EDCCC77AB39}
	EndGlobalSection
EndGlobal
